
Microsoft Visual Studio Solution File, Format Version 12.00
# Visual Studio Version 17
VisualStudioVersion = 17.3.32901.215
MinimumVisualStudioVersion = 10.0.40219.1
Project("{9A19103F-16F7-4668-BE54-9A1E7A4F7556}") = "ML", "ML\ML.csproj", "{B4E1CA65-A93E-4478-A936-D86A2A3006A4}"
EndProject
Project("{9A19103F-16F7-4668-BE54-9A1E7A4F7556}") = "DL", "DL\DL.csproj", "{098A7488-42EF-464F-B881-AE4DEF4A5ADE}"
EndProject
Project("{9A19103F-16F7-4668-BE54-9A1E7A4F7556}") = "PL", "PL\PL.csproj", "{5478A45D-0B38-492D-929E-7AA321E2FB75}"
EndProject
Project("{9A19103F-16F7-4668-BE54-9A1E7A4F7556}") = "SL", "SL\SL.csproj", "{FFCA3C96-351B-4C25-9847-5EE88CAF8DA6}"
EndProject
Project("{FAE04EC0-301F-11D3-BF4B-00C04F79EFBC}") = "BL", "BL\BL.csproj", "{2DDD36BE-FC2C-4C49-93FF-9034C4CC9E76}"
EndProject
Global
	GlobalSection(SolutionConfigurationPlatforms) = preSolution
		Debug|Any CPU = Debug|Any CPU
		Release|Any CPU = Release|Any CPU
	EndGlobalSection
	GlobalSection(ProjectConfigurationPlatforms) = postSolution
		{B4E1CA65-A93E-4478-A936-D86A2A3006A4}.Debug|Any CPU.ActiveCfg = Debug|Any CPU
		{B4E1CA65-A93E-4478-A936-D86A2A3006A4}.Debug|Any CPU.Build.0 = Debug|Any CPU
		{B4E1CA65-A93E-4478-A936-D86A2A3006A4}.Release|Any CPU.ActiveCfg = Release|Any CPU
		{B4E1CA65-A93E-4478-A936-D86A2A3006A4}.Release|Any CPU.Build.0 = Release|Any CPU
		{098A7488-42EF-464F-B881-AE4DEF4A5ADE}.Debug|Any CPU.ActiveCfg = Debug|Any CPU
		{098A7488-42EF-464F-B881-AE4DEF4A5ADE}.Debug|Any CPU.Build.0 = Debug|Any CPU
		{098A7488-42EF-464F-B881-AE4DEF4A5ADE}.Release|Any CPU.ActiveCfg = Release|Any CPU
		{098A7488-42EF-464F-B881-AE4DEF4A5ADE}.Release|Any CPU.Build.0 = Release|Any CPU
		{5478A45D-0B38-492D-929E-7AA321E2FB75}.Debug|Any CPU.ActiveCfg = Debug|Any CPU
		{5478A45D-0B38-492D-929E-7AA321E2FB75}.Debug|Any CPU.Build.0 = Debug|Any CPU
		{5478A45D-0B38-492D-929E-7AA321E2FB75}.Release|Any CPU.ActiveCfg = Release|Any CPU
		{5478A45D-0B38-492D-929E-7AA321E2FB75}.Release|Any CPU.Build.0 = Release|Any CPU
		{FFCA3C96-351B-4C25-9847-5EE88CAF8DA6}.Debug|Any CPU.ActiveCfg = Debug|Any CPU
		{FFCA3C96-351B-4C25-9847-5EE88CAF8DA6}.Debug|Any CPU.Build.0 = Debug|Any CPU
		{FFCA3C96-351B-4C25-9847-5EE88CAF8DA6}.Release|Any CPU.ActiveCfg = Release|Any CPU
		{FFCA3C96-351B-4C25-9847-5EE88CAF8DA6}.Release|Any CPU.Build.0 = Release|Any CPU
		{2DDD36BE-FC2C-4C49-93FF-9034C4CC9E76}.Debug|Any CPU.ActiveCfg = Debug|Any CPU
		{2DDD36BE-FC2C-4C49-93FF-9034C4CC9E76}.Debug|Any CPU.Build.0 = Debug|Any CPU
		{2DDD36BE-FC2C-4C49-93FF-9034C4CC9E76}.Release|Any CPU.ActiveCfg = Release|Any CPU
		{2DDD36BE-FC2C-4C49-93FF-9034C4CC9E76}.Release|Any CPU.Build.0 = Release|Any CPU
	EndGlobalSection
	GlobalSection(SolutionProperties) = preSolution
		HideSolutionNode = FALSE
	EndGlobalSection
	GlobalSection(ExtensibilityGlobals) = postSolution
		SolutionGuid = {B5804E41-6859-46BB-B9B5-26AF6B0F0A8B}
	EndGlobalSection
EndGlobal
